
Microsoft Visual Studio Solution File, Format Version 12.00
# Visual Studio Version 17
VisualStudioVersion = 17.13.35828.75 d17.13
MinimumVisualStudioVersion = 10.0.40219.1
Project("{FAE04EC0-301F-11D3-BF4B-00C04F79EFBC}") = "ConsoleApp1", "ConsoleApp1\ConsoleApp1.csproj", "{AF02327B-8443-4A02-B503-5CB5A75A9BB8}"
EndProject
Project("{FAE04EC0-301F-11D3-BF4B-00C04F79EFBC}") = "BitMatrixLib", "BitMatrixLib\BitMatrixLib.csproj", "{F8B61E03-3924-4107-8481-197334A98B5B}"
EndProject
Global
	GlobalSection(SolutionConfigurationPlatforms) = preSolution
		Debug|Any CPU = Debug|Any CPU
		Release|Any CPU = Release|Any CPU
	EndGlobalSection
	GlobalSection(ProjectConfigurationPlatforms) = postSolution
		{AF02327B-8443-4A02-B503-5CB5A75A9BB8}.Debug|Any CPU.ActiveCfg = Debug|Any CPU
		{AF02327B-8443-4A02-B503-5CB5A75A9BB8}.Debug|Any CPU.Build.0 = Debug|Any CPU
		{AF02327B-8443-4A02-B503-5CB5A75A9BB8}.Release|Any CPU.ActiveCfg = Release|Any CPU
		{AF02327B-8443-4A02-B503-5CB5A75A9BB8}.Release|Any CPU.Build.0 = Release|Any CPU
		{F8B61E03-3924-4107-8481-197334A98B5B}.Debug|Any CPU.ActiveCfg = Debug|Any CPU
		{F8B61E03-3924-4107-8481-197334A98B5B}.Debug|Any CPU.Build.0 = Debug|Any CPU
		{F8B61E03-3924-4107-8481-197334A98B5B}.Release|Any CPU.ActiveCfg = Release|Any CPU
		{F8B61E03-3924-4107-8481-197334A98B5B}.Release|Any CPU.Build.0 = Release|Any CPU
	EndGlobalSection
	GlobalSection(SolutionProperties) = preSolution
		HideSolutionNode = FALSE
	EndGlobalSection
	GlobalSection(ExtensibilityGlobals) = postSolution
		SolutionGuid = {4D71A16C-03E6-445A-A346-F0C36F6D0AD5}
	EndGlobalSection
EndGlobal
