
Microsoft Visual Studio Solution File, Format Version 12.00
# Visual Studio Version 17
VisualStudioVersion = 17.11.35303.130
MinimumVisualStudioVersion = 10.0.40219.1
Project("{FAE04EC0-301F-11D3-BF4B-00C04F79EFBC}") = "FestivalManagerLib", "FestivalManagerLib\FestivalManagerLib.csproj", "{FD6017AF-6A77-4D21-A7FF-EF31311EA63D}"
EndProject
Project("{FAE04EC0-301F-11D3-BF4B-00C04F79EFBC}") = "FestivalManagerTests", "FestivalManagerTests\FestivalManagerTests.csproj", "{DA057AC7-66E5-4BB6-93F4-065F755501B0}"
EndProject
Global
	GlobalSection(SolutionConfigurationPlatforms) = preSolution
		Debug|Any CPU = Debug|Any CPU
		Release|Any CPU = Release|Any CPU
	EndGlobalSection
	GlobalSection(ProjectConfigurationPlatforms) = postSolution
		{FD6017AF-6A77-4D21-A7FF-EF31311EA63D}.Debug|Any CPU.ActiveCfg = Debug|Any CPU
		{FD6017AF-6A77-4D21-A7FF-EF31311EA63D}.Debug|Any CPU.Build.0 = Debug|Any CPU
		{FD6017AF-6A77-4D21-A7FF-EF31311EA63D}.Release|Any CPU.ActiveCfg = Release|Any CPU
		{FD6017AF-6A77-4D21-A7FF-EF31311EA63D}.Release|Any CPU.Build.0 = Release|Any CPU
		{DA057AC7-66E5-4BB6-93F4-065F755501B0}.Debug|Any CPU.ActiveCfg = Debug|Any CPU
		{DA057AC7-66E5-4BB6-93F4-065F755501B0}.Debug|Any CPU.Build.0 = Debug|Any CPU
		{DA057AC7-66E5-4BB6-93F4-065F755501B0}.Release|Any CPU.ActiveCfg = Release|Any CPU
		{DA057AC7-66E5-4BB6-93F4-065F755501B0}.Release|Any CPU.Build.0 = Release|Any CPU
	EndGlobalSection
	GlobalSection(SolutionProperties) = preSolution
		HideSolutionNode = FALSE
	EndGlobalSection
	GlobalSection(ExtensibilityGlobals) = postSolution
		SolutionGuid = {7756C28D-2200-4AD7-9BB5-8778F32468F9}
	EndGlobalSection
EndGlobal
