
Microsoft Visual Studio Solution File, Format Version 12.00
# Visual Studio Version 17
VisualStudioVersion = 17.13.35828.75
MinimumVisualStudioVersion = 10.0.40219.1
Project("{FAE04EC0-301F-11D3-BF4B-00C04F79EFBC}") = "WpfApp1", "WpfApp1\WpfApp1.csproj", "{BD1821B4-3425-4295-B12C-10950E425487}"
EndProject
Project("{FAE04EC0-301F-11D3-BF4B-00C04F79EFBC}") = "ChmodConverterLib", "ChmodConverterLib\ChmodConverterLib.csproj", "{934B0DAE-6F15-468F-9768-6A7F918248C7}"
EndProject
Project("{FAE04EC0-301F-11D3-BF4B-00C04F79EFBC}") = "ConsoleApp1", "ConsoleApp1\ConsoleApp1.csproj", "{8F4683EA-0D4B-42E1-99CB-37F4B45D871A}"
EndProject
Project("{FAE04EC0-301F-11D3-BF4B-00C04F79EFBC}") = "WebApp1", "WebApp1\WebApp1.csproj", "{E37156DF-50F2-4E80-92B4-46ACFB208FF8}"
EndProject
Project("{FAE04EC0-301F-11D3-BF4B-00C04F79EFBC}") = "ChmodLibTests", "ChmodLibTests\ChmodLibTests.csproj", "{77C4E4CC-06ED-4BF3-801B-5570234FCC54}"
EndProject
Global
	GlobalSection(SolutionConfigurationPlatforms) = preSolution
		Debug|Any CPU = Debug|Any CPU
		Release|Any CPU = Release|Any CPU
	EndGlobalSection
	GlobalSection(ProjectConfigurationPlatforms) = postSolution
		{BD1821B4-3425-4295-B12C-10950E425487}.Debug|Any CPU.ActiveCfg = Debug|Any CPU
		{BD1821B4-3425-4295-B12C-10950E425487}.Debug|Any CPU.Build.0 = Debug|Any CPU
		{BD1821B4-3425-4295-B12C-10950E425487}.Release|Any CPU.ActiveCfg = Release|Any CPU
		{BD1821B4-3425-4295-B12C-10950E425487}.Release|Any CPU.Build.0 = Release|Any CPU
		{934B0DAE-6F15-468F-9768-6A7F918248C7}.Debug|Any CPU.ActiveCfg = Debug|Any CPU
		{934B0DAE-6F15-468F-9768-6A7F918248C7}.Debug|Any CPU.Build.0 = Debug|Any CPU
		{934B0DAE-6F15-468F-9768-6A7F918248C7}.Release|Any CPU.ActiveCfg = Release|Any CPU
		{934B0DAE-6F15-468F-9768-6A7F918248C7}.Release|Any CPU.Build.0 = Release|Any CPU
		{8F4683EA-0D4B-42E1-99CB-37F4B45D871A}.Debug|Any CPU.ActiveCfg = Debug|Any CPU
		{8F4683EA-0D4B-42E1-99CB-37F4B45D871A}.Debug|Any CPU.Build.0 = Debug|Any CPU
		{8F4683EA-0D4B-42E1-99CB-37F4B45D871A}.Release|Any CPU.ActiveCfg = Release|Any CPU
		{8F4683EA-0D4B-42E1-99CB-37F4B45D871A}.Release|Any CPU.Build.0 = Release|Any CPU
		{E37156DF-50F2-4E80-92B4-46ACFB208FF8}.Debug|Any CPU.ActiveCfg = Debug|Any CPU
		{E37156DF-50F2-4E80-92B4-46ACFB208FF8}.Debug|Any CPU.Build.0 = Debug|Any CPU
		{E37156DF-50F2-4E80-92B4-46ACFB208FF8}.Release|Any CPU.ActiveCfg = Release|Any CPU
		{E37156DF-50F2-4E80-92B4-46ACFB208FF8}.Release|Any CPU.Build.0 = Release|Any CPU
		{77C4E4CC-06ED-4BF3-801B-5570234FCC54}.Debug|Any CPU.ActiveCfg = Debug|Any CPU
		{77C4E4CC-06ED-4BF3-801B-5570234FCC54}.Debug|Any CPU.Build.0 = Debug|Any CPU
		{77C4E4CC-06ED-4BF3-801B-5570234FCC54}.Release|Any CPU.ActiveCfg = Release|Any CPU
		{77C4E4CC-06ED-4BF3-801B-5570234FCC54}.Release|Any CPU.Build.0 = Release|Any CPU
	EndGlobalSection
	GlobalSection(SolutionProperties) = preSolution
		HideSolutionNode = FALSE
	EndGlobalSection
	GlobalSection(ExtensibilityGlobals) = postSolution
		SolutionGuid = {E0B308DD-C42F-4C9C-82E2-7C4CEBB079CF}
	EndGlobalSection
EndGlobal
