
Microsoft Visual Studio Solution File, Format Version 12.00
# Visual Studio Version 17
VisualStudioVersion = 17.13.35828.75 d17.13
MinimumVisualStudioVersion = 10.0.40219.1
Project("{FAE04EC0-301F-11D3-BF4B-00C04F79EFBC}") = "WpfApp1", "WpfApp1\WpfApp1.csproj", "{7C97737F-460E-4AED-B308-FEAB63735925}"
EndProject
Global
	GlobalSection(SolutionConfigurationPlatforms) = preSolution
		Debug|Any CPU = Debug|Any CPU
		Release|Any CPU = Release|Any CPU
	EndGlobalSection
	GlobalSection(ProjectConfigurationPlatforms) = postSolution
		{7C97737F-460E-4AED-B308-FEAB63735925}.Debug|Any CPU.ActiveCfg = Debug|Any CPU
		{7C97737F-460E-4AED-B308-FEAB63735925}.Debug|Any CPU.Build.0 = Debug|Any CPU
		{7C97737F-460E-4AED-B308-FEAB63735925}.Release|Any CPU.ActiveCfg = Release|Any CPU
		{7C97737F-460E-4AED-B308-FEAB63735925}.Release|Any CPU.Build.0 = Release|Any CPU
	EndGlobalSection
	GlobalSection(SolutionProperties) = preSolution
		HideSolutionNode = FALSE
	EndGlobalSection
	GlobalSection(ExtensibilityGlobals) = postSolution
		SolutionGuid = {8B15FD92-B3B0-46F6-80D7-CFEE83A8E231}
	EndGlobalSection
EndGlobal
