
Microsoft Visual Studio Solution File, Format Version 12.00
# Visual Studio Version 17
VisualStudioVersion = 17.11.35222.181
MinimumVisualStudioVersion = 10.0.40219.1
Project("{9A19103F-16F7-4668-BE54-9A1E7A4F7556}") = "ConsoleApp1", "ConsoleApp1\ConsoleApp1.csproj", "{EE304737-4750-47DB-9139-67E7E29F9775}"
EndProject
Project("{FAE04EC0-301F-11D3-BF4B-00C04F79EFBC}") = "PhoneTests", "PhoneTests\PhoneTests.csproj", "{8D51DAEB-65EF-4203-AAC9-174E31C6F647}"
EndProject
Global
	GlobalSection(SolutionConfigurationPlatforms) = preSolution
		Debug|Any CPU = Debug|Any CPU
		Release|Any CPU = Release|Any CPU
	EndGlobalSection
	GlobalSection(ProjectConfigurationPlatforms) = postSolution
		{EE304737-4750-47DB-9139-67E7E29F9775}.Debug|Any CPU.ActiveCfg = Debug|Any CPU
		{EE304737-4750-47DB-9139-67E7E29F9775}.Debug|Any CPU.Build.0 = Debug|Any CPU
		{EE304737-4750-47DB-9139-67E7E29F9775}.Release|Any CPU.ActiveCfg = Release|Any CPU
		{EE304737-4750-47DB-9139-67E7E29F9775}.Release|Any CPU.Build.0 = Release|Any CPU
		{8D51DAEB-65EF-4203-AAC9-174E31C6F647}.Debug|Any CPU.ActiveCfg = Debug|Any CPU
		{8D51DAEB-65EF-4203-AAC9-174E31C6F647}.Debug|Any CPU.Build.0 = Debug|Any CPU
		{8D51DAEB-65EF-4203-AAC9-174E31C6F647}.Release|Any CPU.ActiveCfg = Release|Any CPU
		{8D51DAEB-65EF-4203-AAC9-174E31C6F647}.Release|Any CPU.Build.0 = Release|Any CPU
	EndGlobalSection
	GlobalSection(SolutionProperties) = preSolution
		HideSolutionNode = FALSE
	EndGlobalSection
	GlobalSection(ExtensibilityGlobals) = postSolution
		SolutionGuid = {DFB8BC35-B607-448F-A15B-F5AD21321836}
	EndGlobalSection
EndGlobal
