
Microsoft Visual Studio Solution File, Format Version 12.00
# Visual Studio Version 17
VisualStudioVersion = 17.11.35303.130
MinimumVisualStudioVersion = 10.0.40219.1
Project("{FAE04EC0-301F-11D3-BF4B-00C04F79EFBC}") = "WellFormedType", "WellFormedType\WellFormedType.csproj", "{70A2C580-F3A4-4262-883F-BD46D1DF78A4}"
EndProject
Project("{FAE04EC0-301F-11D3-BF4B-00C04F79EFBC}") = "PolylineLib", "PolylineLib\PolylineLib.csproj", "{A4A8ED01-11FC-4DBE-9F60-3DE5F88F596E}"
EndProject
Global
	GlobalSection(SolutionConfigurationPlatforms) = preSolution
		Debug|Any CPU = Debug|Any CPU
		Release|Any CPU = Release|Any CPU
	EndGlobalSection
	GlobalSection(ProjectConfigurationPlatforms) = postSolution
		{70A2C580-F3A4-4262-883F-BD46D1DF78A4}.Debug|Any CPU.ActiveCfg = Debug|Any CPU
		{70A2C580-F3A4-4262-883F-BD46D1DF78A4}.Debug|Any CPU.Build.0 = Debug|Any CPU
		{70A2C580-F3A4-4262-883F-BD46D1DF78A4}.Release|Any CPU.ActiveCfg = Release|Any CPU
		{70A2C580-F3A4-4262-883F-BD46D1DF78A4}.Release|Any CPU.Build.0 = Release|Any CPU
		{A4A8ED01-11FC-4DBE-9F60-3DE5F88F596E}.Debug|Any CPU.ActiveCfg = Debug|Any CPU
		{A4A8ED01-11FC-4DBE-9F60-3DE5F88F596E}.Debug|Any CPU.Build.0 = Debug|Any CPU
		{A4A8ED01-11FC-4DBE-9F60-3DE5F88F596E}.Release|Any CPU.ActiveCfg = Release|Any CPU
		{A4A8ED01-11FC-4DBE-9F60-3DE5F88F596E}.Release|Any CPU.Build.0 = Release|Any CPU
	EndGlobalSection
	GlobalSection(SolutionProperties) = preSolution
		HideSolutionNode = FALSE
	EndGlobalSection
	GlobalSection(ExtensibilityGlobals) = postSolution
		SolutionGuid = {6B615BB5-0D3C-4218-A1C3-579E2A69EA02}
	EndGlobalSection
EndGlobal
